
Microsoft Visual Studio Solution File, Format Version 12.00
# Visual Studio 2012
Project("{2150E333-8FDC-42A3-9474-1A3956D46DE8}") = "src", "src", "{9F07395B-938F-4C93-8BE5-0FBBBCDC6DA5}"
EndProject
Project("{2150E333-8FDC-42A3-9474-1A3956D46DE8}") = "tests", "tests", "{457F5521-CCCD-44FC-9654-CF39747614A4}"
EndProject
Project("{2150E333-8FDC-42A3-9474-1A3956D46DE8}") = "integration", "integration", "{BEAB19CC-B8CC-4AD2-AD9B-63A57B370E96}"
EndProject
Project("{2150E333-8FDC-42A3-9474-1A3956D46DE8}") = "unit", "unit", "{87DBC60C-3C48-4569-8F94-ADEE859F6963}"
EndProject
Project("{2150E333-8FDC-42A3-9474-1A3956D46DE8}") = "storage", "storage", "{83F73951-F20B-495D-AE9D-3BE9250766F2}"
EndProject
Project("{FAE04EC0-301F-11D3-BF4B-00C04F79EFBC}") = "DocaLabs.Storage.Core", "src\DocaLabs.Storage.Core\DocaLabs.Storage.Core.csproj", "{23723D40-3801-4658-BBA8-56925BC5DD11}"
EndProject
Project("{FAE04EC0-301F-11D3-BF4B-00C04F79EFBC}") = "DocaLabs.AzureStorage", "src\DocaLabs.AzureStorage\DocaLabs.AzureStorage.csproj", "{E073FDA4-6B90-4A2E-A12D-955F1DFD5397}"
EndProject
Project("{FAE04EC0-301F-11D3-BF4B-00C04F79EFBC}") = "DocaLabs.EntityFrameworkStorage", "src\DocaLabs.EntityFrameworkStorage\DocaLabs.EntityFrameworkStorage.csproj", "{DAA776B9-F2AE-41EE-AED7-9CE6EA13E0E8}"
EndProject
Project("{FAE04EC0-301F-11D3-BF4B-00C04F79EFBC}") = "DocaLabs.NHibernateStorage", "src\DocaLabs.NHibernateStorage\DocaLabs.NHibernateStorage.csproj", "{9C54FC39-7A6D-4E02-9518-325D8732792E}"
EndProject
Project("{FAE04EC0-301F-11D3-BF4B-00C04F79EFBC}") = "DocaLabs.Utils", "src\DocaLabs.Utils\DocaLabs.Utils.csproj", "{5EF7D2C9-BA29-4EF9-AC6F-CA4A15150A6D}"
EndProject
Project("{FAE04EC0-301F-11D3-BF4B-00C04F79EFBC}") = "DocaLabs.Testing.Common", "tests\DocaLabs.Testing.Common\DocaLabs.Testing.Common.csproj", "{40A96AE2-C931-4AC1-A38E-5FBB3045216C}"
EndProject
Project("{FAE04EC0-301F-11D3-BF4B-00C04F79EFBC}") = "DocaLabs.Utils.Tests", "tests\DocaLabs.Utils.Tests\DocaLabs.Utils.Tests.csproj", "{FF684018-D38B-4BF2-936E-930B454D3B97}"
EndProject
Project("{FAE04EC0-301F-11D3-BF4B-00C04F79EFBC}") = "DocaLabs.Storage.Core.Tests", "tests\DocaLabs.Storage.Core.Tests\DocaLabs.Storage.Core.Tests.csproj", "{DAA32F69-C5D4-44F6-A790-46D74F8B5BF6}"
EndProject
Project("{FAE04EC0-301F-11D3-BF4B-00C04F79EFBC}") = "Inflector", "src\Inflector\Inflector.csproj", "{D5677360-4354-4BA3-9E23-DB169C22BEAB}"
EndProject
Project("{FAE04EC0-301F-11D3-BF4B-00C04F79EFBC}") = "Inflector.Tests", "tests\Inflector.Tests\Inflector.Tests.csproj", "{48D42B49-DAA7-47BB-9DC2-9BF2013C48C0}"
EndProject
Project("{FAE04EC0-301F-11D3-BF4B-00C04F79EFBC}") = "DocaLabs.Testing", "src\DocaLabs.Testing\DocaLabs.Testing.csproj", "{9EBA5341-6817-4710-982C-0340CE32771D}"
EndProject
Project("{FAE04EC0-301F-11D3-BF4B-00C04F79EFBC}") = "DocaLabs.Storage.Integration.Tests", "tests\DocaLabs.Storage.Integration.Tests\DocaLabs.Storage.Integration.Tests.csproj", "{6416875B-48F5-482B-9BBE-7021DEF804C4}"
EndProject
Global
	GlobalSection(SolutionConfigurationPlatforms) = preSolution
		Debug|Any CPU = Debug|Any CPU
		Debug|x86 = Debug|x86
		Release|Any CPU = Release|Any CPU
		Release|x86 = Release|x86
	EndGlobalSection
	GlobalSection(ProjectConfigurationPlatforms) = postSolution
		{23723D40-3801-4658-BBA8-56925BC5DD11}.Debug|Any CPU.ActiveCfg = Debug|Any CPU
		{23723D40-3801-4658-BBA8-56925BC5DD11}.Debug|Any CPU.Build.0 = Debug|Any CPU
		{23723D40-3801-4658-BBA8-56925BC5DD11}.Debug|x86.ActiveCfg = Debug|Any CPU
		{23723D40-3801-4658-BBA8-56925BC5DD11}.Release|Any CPU.ActiveCfg = Release|Any CPU
		{23723D40-3801-4658-BBA8-56925BC5DD11}.Release|Any CPU.Build.0 = Release|Any CPU
		{23723D40-3801-4658-BBA8-56925BC5DD11}.Release|x86.ActiveCfg = Release|Any CPU
		{E073FDA4-6B90-4A2E-A12D-955F1DFD5397}.Debug|Any CPU.ActiveCfg = Debug|Any CPU
		{E073FDA4-6B90-4A2E-A12D-955F1DFD5397}.Debug|Any CPU.Build.0 = Debug|Any CPU
		{E073FDA4-6B90-4A2E-A12D-955F1DFD5397}.Debug|x86.ActiveCfg = Debug|Any CPU
		{E073FDA4-6B90-4A2E-A12D-955F1DFD5397}.Release|Any CPU.ActiveCfg = Release|Any CPU
		{E073FDA4-6B90-4A2E-A12D-955F1DFD5397}.Release|Any CPU.Build.0 = Release|Any CPU
		{E073FDA4-6B90-4A2E-A12D-955F1DFD5397}.Release|x86.ActiveCfg = Release|Any CPU
		{DAA776B9-F2AE-41EE-AED7-9CE6EA13E0E8}.Debug|Any CPU.ActiveCfg = Debug|Any CPU
		{DAA776B9-F2AE-41EE-AED7-9CE6EA13E0E8}.Debug|Any CPU.Build.0 = Debug|Any CPU
		{DAA776B9-F2AE-41EE-AED7-9CE6EA13E0E8}.Debug|x86.ActiveCfg = Debug|Any CPU
		{DAA776B9-F2AE-41EE-AED7-9CE6EA13E0E8}.Release|Any CPU.ActiveCfg = Release|Any CPU
		{DAA776B9-F2AE-41EE-AED7-9CE6EA13E0E8}.Release|Any CPU.Build.0 = Release|Any CPU
		{DAA776B9-F2AE-41EE-AED7-9CE6EA13E0E8}.Release|x86.ActiveCfg = Release|Any CPU
		{9C54FC39-7A6D-4E02-9518-325D8732792E}.Debug|Any CPU.ActiveCfg = Debug|Any CPU
		{9C54FC39-7A6D-4E02-9518-325D8732792E}.Debug|Any CPU.Build.0 = Debug|Any CPU
		{9C54FC39-7A6D-4E02-9518-325D8732792E}.Debug|x86.ActiveCfg = Debug|Any CPU
		{9C54FC39-7A6D-4E02-9518-325D8732792E}.Release|Any CPU.ActiveCfg = Release|Any CPU
		{9C54FC39-7A6D-4E02-9518-325D8732792E}.Release|Any CPU.Build.0 = Release|Any CPU
		{9C54FC39-7A6D-4E02-9518-325D8732792E}.Release|x86.ActiveCfg = Release|Any CPU
		{5EF7D2C9-BA29-4EF9-AC6F-CA4A15150A6D}.Debug|Any CPU.ActiveCfg = Debug|Any CPU
		{5EF7D2C9-BA29-4EF9-AC6F-CA4A15150A6D}.Debug|Any CPU.Build.0 = Debug|Any CPU
		{5EF7D2C9-BA29-4EF9-AC6F-CA4A15150A6D}.Debug|x86.ActiveCfg = Debug|Any CPU
		{5EF7D2C9-BA29-4EF9-AC6F-CA4A15150A6D}.Release|Any CPU.ActiveCfg = Release|Any CPU
		{5EF7D2C9-BA29-4EF9-AC6F-CA4A15150A6D}.Release|Any CPU.Build.0 = Release|Any CPU
		{5EF7D2C9-BA29-4EF9-AC6F-CA4A15150A6D}.Release|x86.ActiveCfg = Release|Any CPU
		{40A96AE2-C931-4AC1-A38E-5FBB3045216C}.Debug|Any CPU.ActiveCfg = Debug|Any CPU
		{40A96AE2-C931-4AC1-A38E-5FBB3045216C}.Debug|Any CPU.Build.0 = Debug|Any CPU
		{40A96AE2-C931-4AC1-A38E-5FBB3045216C}.Debug|x86.ActiveCfg = Debug|Any CPU
		{40A96AE2-C931-4AC1-A38E-5FBB3045216C}.Release|Any CPU.ActiveCfg = Release|Any CPU
		{40A96AE2-C931-4AC1-A38E-5FBB3045216C}.Release|Any CPU.Build.0 = Release|Any CPU
		{40A96AE2-C931-4AC1-A38E-5FBB3045216C}.Release|x86.ActiveCfg = Release|Any CPU
		{FF684018-D38B-4BF2-936E-930B454D3B97}.Debug|Any CPU.ActiveCfg = Debug|Any CPU
		{FF684018-D38B-4BF2-936E-930B454D3B97}.Debug|Any CPU.Build.0 = Debug|Any CPU
		{FF684018-D38B-4BF2-936E-930B454D3B97}.Debug|x86.ActiveCfg = Debug|Any CPU
		{FF684018-D38B-4BF2-936E-930B454D3B97}.Release|Any CPU.ActiveCfg = Release|Any CPU
		{FF684018-D38B-4BF2-936E-930B454D3B97}.Release|Any CPU.Build.0 = Release|Any CPU
		{FF684018-D38B-4BF2-936E-930B454D3B97}.Release|x86.ActiveCfg = Release|Any CPU
		{DAA32F69-C5D4-44F6-A790-46D74F8B5BF6}.Debug|Any CPU.ActiveCfg = Debug|Any CPU
		{DAA32F69-C5D4-44F6-A790-46D74F8B5BF6}.Debug|Any CPU.Build.0 = Debug|Any CPU
		{DAA32F69-C5D4-44F6-A790-46D74F8B5BF6}.Debug|x86.ActiveCfg = Debug|Any CPU
		{DAA32F69-C5D4-44F6-A790-46D74F8B5BF6}.Release|Any CPU.ActiveCfg = Release|Any CPU
		{DAA32F69-C5D4-44F6-A790-46D74F8B5BF6}.Release|Any CPU.Build.0 = Release|Any CPU
		{DAA32F69-C5D4-44F6-A790-46D74F8B5BF6}.Release|x86.ActiveCfg = Release|Any CPU
		{D5677360-4354-4BA3-9E23-DB169C22BEAB}.Debug|Any CPU.ActiveCfg = Debug|Any CPU
		{D5677360-4354-4BA3-9E23-DB169C22BEAB}.Debug|Any CPU.Build.0 = Debug|Any CPU
		{D5677360-4354-4BA3-9E23-DB169C22BEAB}.Debug|x86.ActiveCfg = Debug|Any CPU
		{D5677360-4354-4BA3-9E23-DB169C22BEAB}.Release|Any CPU.ActiveCfg = Release|Any CPU
		{D5677360-4354-4BA3-9E23-DB169C22BEAB}.Release|Any CPU.Build.0 = Release|Any CPU
		{D5677360-4354-4BA3-9E23-DB169C22BEAB}.Release|x86.ActiveCfg = Release|Any CPU
		{48D42B49-DAA7-47BB-9DC2-9BF2013C48C0}.Debug|Any CPU.ActiveCfg = Debug|Any CPU
		{48D42B49-DAA7-47BB-9DC2-9BF2013C48C0}.Debug|Any CPU.Build.0 = Debug|Any CPU
		{48D42B49-DAA7-47BB-9DC2-9BF2013C48C0}.Debug|x86.ActiveCfg = Debug|Any CPU
		{48D42B49-DAA7-47BB-9DC2-9BF2013C48C0}.Release|Any CPU.ActiveCfg = Release|Any CPU
		{48D42B49-DAA7-47BB-9DC2-9BF2013C48C0}.Release|Any CPU.Build.0 = Release|Any CPU
		{48D42B49-DAA7-47BB-9DC2-9BF2013C48C0}.Release|x86.ActiveCfg = Release|Any CPU
		{9EBA5341-6817-4710-982C-0340CE32771D}.Debug|Any CPU.ActiveCfg = Debug|Any CPU
		{9EBA5341-6817-4710-982C-0340CE32771D}.Debug|Any CPU.Build.0 = Debug|Any CPU
		{9EBA5341-6817-4710-982C-0340CE32771D}.Debug|x86.ActiveCfg = Debug|Any CPU
		{9EBA5341-6817-4710-982C-0340CE32771D}.Release|Any CPU.ActiveCfg = Release|Any CPU
		{9EBA5341-6817-4710-982C-0340CE32771D}.Release|Any CPU.Build.0 = Release|Any CPU
		{9EBA5341-6817-4710-982C-0340CE32771D}.Release|x86.ActiveCfg = Release|Any CPU
		{6416875B-48F5-482B-9BBE-7021DEF804C4}.Debug|Any CPU.ActiveCfg = Debug|Any CPU
		{6416875B-48F5-482B-9BBE-7021DEF804C4}.Debug|Any CPU.Build.0 = Debug|Any CPU
		{6416875B-48F5-482B-9BBE-7021DEF804C4}.Debug|x86.ActiveCfg = Debug|Any CPU
		{6416875B-48F5-482B-9BBE-7021DEF804C4}.Release|Any CPU.ActiveCfg = Release|Any CPU
		{6416875B-48F5-482B-9BBE-7021DEF804C4}.Release|Any CPU.Build.0 = Release|Any CPU
		{6416875B-48F5-482B-9BBE-7021DEF804C4}.Release|x86.ActiveCfg = Release|Any CPU
	EndGlobalSection
	GlobalSection(SolutionProperties) = preSolution
		HideSolutionNode = FALSE
	EndGlobalSection
	GlobalSection(NestedProjects) = preSolution
		{83F73951-F20B-495D-AE9D-3BE9250766F2} = {9F07395B-938F-4C93-8BE5-0FBBBCDC6DA5}
		{5EF7D2C9-BA29-4EF9-AC6F-CA4A15150A6D} = {9F07395B-938F-4C93-8BE5-0FBBBCDC6DA5}
		{D5677360-4354-4BA3-9E23-DB169C22BEAB} = {9F07395B-938F-4C93-8BE5-0FBBBCDC6DA5}
		{9EBA5341-6817-4710-982C-0340CE32771D} = {9F07395B-938F-4C93-8BE5-0FBBBCDC6DA5}
		{BEAB19CC-B8CC-4AD2-AD9B-63A57B370E96} = {457F5521-CCCD-44FC-9654-CF39747614A4}
		{87DBC60C-3C48-4569-8F94-ADEE859F6963} = {457F5521-CCCD-44FC-9654-CF39747614A4}
		{40A96AE2-C931-4AC1-A38E-5FBB3045216C} = {457F5521-CCCD-44FC-9654-CF39747614A4}
		{6416875B-48F5-482B-9BBE-7021DEF804C4} = {BEAB19CC-B8CC-4AD2-AD9B-63A57B370E96}
		{FF684018-D38B-4BF2-936E-930B454D3B97} = {87DBC60C-3C48-4569-8F94-ADEE859F6963}
		{DAA32F69-C5D4-44F6-A790-46D74F8B5BF6} = {87DBC60C-3C48-4569-8F94-ADEE859F6963}
		{48D42B49-DAA7-47BB-9DC2-9BF2013C48C0} = {87DBC60C-3C48-4569-8F94-ADEE859F6963}
		{23723D40-3801-4658-BBA8-56925BC5DD11} = {83F73951-F20B-495D-AE9D-3BE9250766F2}
		{E073FDA4-6B90-4A2E-A12D-955F1DFD5397} = {83F73951-F20B-495D-AE9D-3BE9250766F2}
		{DAA776B9-F2AE-41EE-AED7-9CE6EA13E0E8} = {83F73951-F20B-495D-AE9D-3BE9250766F2}
		{9C54FC39-7A6D-4E02-9518-325D8732792E} = {83F73951-F20B-495D-AE9D-3BE9250766F2}
	EndGlobalSection
EndGlobal
